// !$*UTF8*$!
{
	archiveVersion = 1;
	classes = {
	};
	objectVersion = 50;
	objects = {

/* Begin PBXBuildFile section */
		5E8E94EB22927A0F00CCC0EB /* Boo.wav in Resources */ = {isa = PBXBuildFile; fileRef = 5E8E94EA22927A0E00CCC0EB /* Boo.wav */; };
		5E8E94ED229296F800CCC0EB /* Cheers.wav in Resources */ = {isa = PBXBuildFile; fileRef = 5E8E94EC229296F800CCC0EB /* Cheers.wav */; };
		5E8E94EF2292A0C400CCC0EB /* Ticking.wav in Resources */ = {isa = PBXBuildFile; fileRef = 5E8E94EE2292A0C400CCC0EB /* Ticking.wav */; };
		5EB12CAB228D9A5E0065022F /* AppDelegate.swift in Sources */ = {isa = PBXBuildFile; fileRef = 5EB12CAA228D9A5E0065022F /* AppDelegate.swift */; };
		5EB12CAD228D9A5E0065022F /* ViewController.swift in Sources */ = {isa = PBXBuildFile; fileRef = 5EB12CAC228D9A5E0065022F /* ViewController.swift */; };
		5EB12CB0228D9A5E0065022F /* Main.storyboard in Resources */ = {isa = PBXBuildFile; fileRef = 5EB12CAE228D9A5E0065022F /* Main.storyboard */; };
		5EB12CB2228D9A5F0065022F /* Assets.xcassets in Resources */ = {isa = PBXBuildFile; fileRef = 5EB12CB1228D9A5F0065022F /* Assets.xcassets */; };
		5EB12CB5228D9A5F0065022F /* LaunchScreen.storyboard in Resources */ = {isa = PBXBuildFile; fileRef = 5EB12CB3228D9A5F0065022F /* LaunchScreen.storyboard */; };
		5EC1799222996946007E265B /* Podfile in Resources */ = {isa = PBXBuildFile; fileRef = 5EC1799122996946007E265B /* Podfile */; };
		FD38D57676C093F7DD88CCE3 /* Pods_FrustrationEmotion.framework in Frameworks */ = {isa = PBXBuildFile; fileRef = C610CDA378FDB768066EC0D6 /* Pods_FrustrationEmotion.framework */; };
/* End PBXBuildFile section */

/* Begin PBXFileReference section */
		0A974C3FD25B999B0A171836 /* Pods-FrustrationEmotion.release.xcconfig */ = {isa = PBXFileReference; includeInIndex = 1; lastKnownFileType = text.xcconfig; name = "Pods-FrustrationEmotion.release.xcconfig"; path = "Pods/Target Support Files/Pods-FrustrationEmotion/Pods-FrustrationEmotion.release.xcconfig"; sourceTree = "<group>"; };
		3DC4B8BDC85E8C3B00D3B029 /* Pods-FrustrationEmotion.debug.xcconfig */ = {isa = PBXFileReference; includeInIndex = 1; lastKnownFileType = text.xcconfig; name = "Pods-FrustrationEmotion.debug.xcconfig"; path = "Pods/Target Support Files/Pods-FrustrationEmotion/Pods-FrustrationEmotion.debug.xcconfig"; sourceTree = "<group>"; };
		5E8E94EA22927A0E00CCC0EB /* Boo.wav */ = {isa = PBXFileReference; lastKnownFileType = audio.wav; name = Boo.wav; path = ../../../../Downloads/Boo.wav; sourceTree = "<group>"; };
		5E8E94EC229296F800CCC0EB /* Cheers.wav */ = {isa = PBXFileReference; lastKnownFileType = audio.wav; name = Cheers.wav; path = ../../../../Downloads/Cheers.wav; sourceTree = "<group>"; };
		5E8E94EE2292A0C400CCC0EB /* Ticking.wav */ = {isa = PBXFileReference; lastKnownFileType = audio.wav; name = Ticking.wav; path = ../../../../Downloads/Ticking.wav; sourceTree = "<group>"; };
		5EB12CA7228D9A5E0065022F /* FrustrationEmotion.app */ = {isa = PBXFileReference; explicitFileType = wrapper.application; includeInIndex = 0; path = FrustrationEmotion.app; sourceTree = BUILT_PRODUCTS_DIR; };
		5EB12CAA228D9A5E0065022F /* AppDelegate.swift */ = {isa = PBXFileReference; lastKnownFileType = sourcecode.swift; path = AppDelegate.swift; sourceTree = "<group>"; };
		5EB12CAC228D9A5E0065022F /* ViewController.swift */ = {isa = PBXFileReference; lastKnownFileType = sourcecode.swift; path = ViewController.swift; sourceTree = "<group>"; };
		5EB12CAF228D9A5E0065022F /* Base */ = {isa = PBXFileReference; lastKnownFileType = file.storyboard; name = Base; path = Base.lproj/Main.storyboard; sourceTree = "<group>"; };
		5EB12CB1228D9A5F0065022F /* Assets.xcassets */ = {isa = PBXFileReference; lastKnownFileType = folder.assetcatalog; path = Assets.xcassets; sourceTree = "<group>"; };
		5EB12CB4228D9A5F0065022F /* Base */ = {isa = PBXFileReference; lastKnownFileType = file.storyboard; name = Base; path = Base.lproj/LaunchScreen.storyboard; sourceTree = "<group>"; };
		5EB12CB6228D9A5F0065022F /* Info.plist */ = {isa = PBXFileReference; lastKnownFileType = text.plist.xml; path = Info.plist; sourceTree = "<group>"; };
		5EC1799122996946007E265B /* Podfile */ = {isa = PBXFileReference; lastKnownFileType = text; path = Podfile; sourceTree = "<group>"; xcLanguageSpecificationIdentifier = xcode.lang.ruby; };
		C610CDA378FDB768066EC0D6 /* Pods_FrustrationEmotion.framework */ = {isa = PBXFileReference; explicitFileType = wrapper.framework; includeInIndex = 0; path = Pods_FrustrationEmotion.framework; sourceTree = BUILT_PRODUCTS_DIR; };
/* End PBXFileReference section */

/* Begin PBXFrameworksBuildPhase section */
		5EB12CA4228D9A5E0065022F /* Frameworks */ = {
			isa = PBXFrameworksBuildPhase;
			buildActionMask = 2147483647;
			files = (
				FD38D57676C093F7DD88CCE3 /* Pods_FrustrationEmotion.framework in Frameworks */,
			);
			runOnlyForDeploymentPostprocessing = 0;
		};
/* End PBXFrameworksBuildPhase section */

/* Begin PBXGroup section */
		0164641C9A9C9E7C7A10B16B /* Frameworks */ = {
			isa = PBXGroup;
			children = (
				C610CDA378FDB768066EC0D6 /* Pods_FrustrationEmotion.framework */,
			);
			name = Frameworks;
			sourceTree = "<group>";
		};
		5E8E94E7229268DF00CCC0EB /* Storyboard */ = {
			isa = PBXGroup;
			children = (
				5EB12CAE228D9A5E0065022F /* Main.storyboard */,
				5EB12CB3228D9A5F0065022F /* LaunchScreen.storyboard */,
			);
			path = Storyboard;
			sourceTree = "<group>";
		};
		5E8E94E8229279E800CCC0EB /* New Group */ = {
			isa = PBXGroup;
			children = (
			);
			path = "New Group";
			sourceTree = "<group>";
		};
		5E8E94E9229279F500CCC0EB /* Sound Effects */ = {
			isa = PBXGroup;
			children = (
				5E8E94EA22927A0E00CCC0EB /* Boo.wav */,
				5E8E94EC229296F800CCC0EB /* Cheers.wav */,
				5E8E94EE2292A0C400CCC0EB /* Ticking.wav */,
			);
			name = "Sound Effects";
			sourceTree = "<group>";
		};
		5EB12C9E228D9A5E0065022F = {
			isa = PBXGroup;
			children = (
				5EC1799122996946007E265B /* Podfile */,
				5EB12CA9228D9A5E0065022F /* FrustrationEmotion */,
				5EB12CA8228D9A5E0065022F /* Products */,
				927F33AD18BF6C1E743244D6 /* Pods */,
				0164641C9A9C9E7C7A10B16B /* Frameworks */,
			);
			sourceTree = "<group>";
		};
		5EB12CA8228D9A5E0065022F /* Products */ = {
			isa = PBXGroup;
			children = (
				5EB12CA7228D9A5E0065022F /* FrustrationEmotion.app */,
			);
			name = Products;
			sourceTree = "<group>";
		};
		5EB12CA9228D9A5E0065022F /* FrustrationEmotion */ = {
			isa = PBXGroup;
			children = (
				5E8E94E9229279F500CCC0EB /* Sound Effects */,
				5E8E94E8229279E800CCC0EB /* New Group */,
				5EB12CAA228D9A5E0065022F /* AppDelegate.swift */,
				5EB12CAC228D9A5E0065022F /* ViewController.swift */,
				5EB12CB1228D9A5F0065022F /* Assets.xcassets */,
				5EB12CB6228D9A5F0065022F /* Info.plist */,
				5E8E94E7229268DF00CCC0EB /* Storyboard */,
			);
			path = FrustrationEmotion;
			sourceTree = "<group>";
		};
		927F33AD18BF6C1E743244D6 /* Pods */ = {
			isa = PBXGroup;
			children = (
				3DC4B8BDC85E8C3B00D3B029 /* Pods-FrustrationEmotion.debug.xcconfig */,
				0A974C3FD25B999B0A171836 /* Pods-FrustrationEmotion.release.xcconfig */,
			);
			name = Pods;
			sourceTree = "<group>";
		};
/* End PBXGroup section */

/* Begin PBXNativeTarget section */
		5EB12CA6228D9A5E0065022F /* FrustrationEmotion */ = {
			isa = PBXNativeTarget;
			buildConfigurationList = 5EB12CB9228D9A5F0065022F /* Build configuration list for PBXNativeTarget "FrustrationEmotion" */;
			buildPhases = (
				CEF5AF2FA684573BE0DC3A1C /* [CP] Check Pods Manifest.lock */,
				5EB12CA3228D9A5E0065022F /* Sources */,
				5EB12CA4228D9A5E0065022F /* Frameworks */,
				5EB12CA5228D9A5E0065022F /* Resources */,
				32C70F7314FE65E110E33667 /* [CP] Embed Pods Frameworks */,
			);
			buildRules = (
			);
			dependencies = (
			);
			name = FrustrationEmotion;
			productName = FrustrationEmotion;
			productReference = 5EB12CA7228D9A5E0065022F /* FrustrationEmotion.app */;
			productType = "com.apple.product-type.application";
		};
/* End PBXNativeTarget section */

/* Begin PBXProject section */
		5EB12C9F228D9A5E0065022F /* Project object */ = {
			isa = PBXProject;
			attributes = {
				LastSwiftUpdateCheck = 1020;
				LastUpgradeCheck = 1020;
				ORGANIZATIONNAME = "Mirza Fachreza";
				TargetAttributes = {
					5EB12CA6228D9A5E0065022F = {
						CreatedOnToolsVersion = 10.2;
					};
				};
			};
			buildConfigurationList = 5EB12CA2228D9A5E0065022F /* Build configuration list for PBXProject "FrustrationEmotion" */;
			compatibilityVersion = "Xcode 9.3";
			developmentRegion = en;
			hasScannedForEncodings = 0;
			knownRegions = (
				en,
				Base,
			);
			mainGroup = 5EB12C9E228D9A5E0065022F;
			productRefGroup = 5EB12CA8228D9A5E0065022F /* Products */;
			projectDirPath = "";
			projectRoot = "";
			targets = (
				5EB12CA6228D9A5E0065022F /* FrustrationEmotion */,
			);
		};
/* End PBXProject section */

/* Begin PBXResourcesBuildPhase section */
		5EB12CA5228D9A5E0065022F /* Resources */ = {
			isa = PBXResourcesBuildPhase;
			buildActionMask = 2147483647;
			files = (
				5E8E94EB22927A0F00CCC0EB /* Boo.wav in Resources */,
				5EB12CB5228D9A5F0065022F /* LaunchScreen.storyboard in Resources */,
				5E8E94EF2292A0C400CCC0EB /* Ticking.wav in Resources */,
				5E8E94ED229296F800CCC0EB /* Cheers.wav in Resources */,
				5EB12CB2228D9A5F0065022F /* Assets.xcassets in Resources */,
				5EC1799222996946007E265B /* Podfile in Resources */,
				5EB12CB0228D9A5E0065022F /* Main.storyboard in Resources */,
			);
			runOnlyForDeploymentPostprocessing = 0;
		};
/* End PBXResourcesBuildPhase section */

/* Begin PBXShellScriptBuildPhase section */
		32C70F7314FE65E110E33667 /* [CP] Embed Pods Frameworks */ = {
			isa = PBXShellScriptBuildPhase;
			buildActionMask = 2147483647;
			files = (
			);
			inputPaths = (
				"${SRCROOT}/Pods/Target Support Files/Pods-FrustrationEmotion/Pods-FrustrationEmotion-frameworks.sh",
				"${BUILT_PRODUCTS_DIR}/SAConfettiView/SAConfettiView.framework",
			);
			name = "[CP] Embed Pods Frameworks";
			outputPaths = (
				"${TARGET_BUILD_DIR}/${FRAMEWORKS_FOLDER_PATH}/SAConfettiView.framework",
			);
			runOnlyForDeploymentPostprocessing = 0;
			shellPath = /bin/sh;
			shellScript = "\"${SRCROOT}/Pods/Target Support Files/Pods-FrustrationEmotion/Pods-FrustrationEmotion-frameworks.sh\"\n";
			showEnvVarsInLog = 0;
		};
		CEF5AF2FA684573BE0DC3A1C /* [CP] Check Pods Manifest.lock */ = {
			isa = PBXShellScriptBuildPhase;
			buildActionMask = 2147483647;
			files = (
			);
			inputPaths = (
				"${PODS_PODFILE_DIR_PATH}/Podfile.lock",
				"${PODS_ROOT}/Manifest.lock",
			);
			name = "[CP] Check Pods Manifest.lock";
			outputPaths = (
				"$(DERIVED_FILE_DIR)/Pods-FrustrationEmotion-checkManifestLockResult.txt",
			);
			runOnlyForDeploymentPostprocessing = 0;
			shellPath = /bin/sh;
			shellScript = "diff \"${PODS_PODFILE_DIR_PATH}/Podfile.lock\" \"${PODS_ROOT}/Manifest.lock\" > /dev/null\nif [ $? != 0 ] ; then\n    # print error to STDERR\n    echo \"error: The sandbox is not in sync with the Podfile.lock. Run 'pod install' or update your CocoaPods installation.\" >&2\n    exit 1\nfi\n# This output is used by Xcode 'outputs' to avoid re-running this script phase.\necho \"SUCCESS\" > \"${SCRIPT_OUTPUT_FILE_0}\"\n";
			showEnvVarsInLog = 0;
		};
/* End PBXShellScriptBuildPhase section */

/* Begin PBXSourcesBuildPhase section */
		5EB12CA3228D9A5E0065022F /* Sources */ = {
			isa = PBXSourcesBuildPhase;
			buildActionMask = 2147483647;
			files = (
				5EB12CAD228D9A5E0065022F /* ViewController.swift in Sources */,
				5EB12CAB228D9A5E0065022F /* AppDelegate.swift in Sources */,
			);
			runOnlyForDeploymentPostprocessing = 0;
		};
/* End PBXSourcesBuildPhase section */

/* Begin PBXVariantGroup section */
		5EB12CAE228D9A5E0065022F /* Main.storyboard */ = {
			isa = PBXVariantGroup;
			children = (
				5EB12CAF228D9A5E0065022F /* Base */,
			);
			name = Main.storyboard;
			sourceTree = "<group>";
		};
		5EB12CB3228D9A5F0065022F /* LaunchScreen.storyboard */ = {
			isa = PBXVariantGroup;
			children = (
				5EB12CB4228D9A5F0065022F /* Base */,
			);
			name = LaunchScreen.storyboard;
			sourceTree = "<group>";
		};
/* End PBXVariantGroup section */

/* Begin XCBuildConfiguration section */
		5EB12CB7228D9A5F0065022F /* Debug */ = {
			isa = XCBuildConfiguration;
			buildSettings = {
				ALWAYS_SEARCH_USER_PATHS = NO;
				CLANG_ANALYZER_NONNULL = YES;
				CLANG_ANALYZER_NUMBER_OBJECT_CONVERSION = YES_AGGRESSIVE;
				CLANG_CXX_LANGUAGE_STANDARD = "gnu++14";
				CLANG_CXX_LIBRARY = "libc++";
				CLANG_ENABLE_MODULES = YES;
				CLANG_ENABLE_OBJC_ARC = YES;
				CLANG_ENABLE_OBJC_WEAK = YES;
				CLANG_WARN_BLOCK_CAPTURE_AUTORELEASING = YES;
				CLANG_WARN_BOOL_CONVERSION = YES;
				CLANG_WARN_COMMA = YES;
				CLANG_WARN_CONSTANT_CONVERSION = YES;
				CLANG_WARN_DEPRECATED_OBJC_IMPLEMENTATIONS = YES;
				CLANG_WARN_DIRECT_OBJC_ISA_USAGE = YES_ERROR;
				CLANG_WARN_DOCUMENTATION_COMMENTS = YES;
				CLANG_WARN_EMPTY_BODY = YES;
				CLANG_WARN_ENUM_CONVERSION = YES;
				CLANG_WARN_INFINITE_RECURSION = YES;
				CLANG_WARN_INT_CONVERSION = YES;
				CLANG_WARN_NON_LITERAL_NULL_CONVERSION = YES;
				CLANG_WARN_OBJC_IMPLICIT_RETAIN_SELF = YES;
				CLANG_WARN_OBJC_LITERAL_CONVERSION = YES;
				CLANG_WARN_OBJC_ROOT_CLASS = YES_ERROR;
				CLANG_WARN_RANGE_LOOP_ANALYSIS = YES;
				CLANG_WARN_STRICT_PROTOTYPES = YES;
				CLANG_WARN_SUSPICIOUS_MOVE = YES;
				CLANG_WARN_UNGUARDED_AVAILABILITY = YES_AGGRESSIVE;
				CLANG_WARN_UNREACHABLE_CODE = YES;
				CLANG_WARN__DUPLICATE_METHOD_MATCH = YES;
				CODE_SIGN_IDENTITY = "iPhone Developer";
				COPY_PHASE_STRIP = NO;
				DEBUG_INFORMATION_FORMAT = dwarf;
				ENABLE_STRICT_OBJC_MSGSEND = YES;
				ENABLE_TESTABILITY = YES;
				GCC_C_LANGUAGE_STANDARD = gnu11;
				GCC_DYNAMIC_NO_PIC = NO;
				GCC_NO_COMMON_BLOCKS = YES;
				GCC_OPTIMIZATION_LEVEL = 0;
				GCC_PREPROCESSOR_DEFINITIONS = (
					"DEBUG=1",
					"$(inherited)",
				);
				GCC_WARN_64_TO_32_BIT_CONVERSION = YES;
				GCC_WARN_ABOUT_RETURN_TYPE = YES_ERROR;
				GCC_WARN_UNDECLARED_SELECTOR = YES;
				GCC_WARN_UNINITIALIZED_AUTOS = YES_AGGRESSIVE;
				GCC_WARN_UNUSED_FUNCTION = YES;
				GCC_WARN_UNUSED_VARIABLE = YES;
				IPHONEOS_DEPLOYMENT_TARGET = 12.2;
				MTL_ENABLE_DEBUG_INFO = INCLUDE_SOURCE;
				MTL_FAST_MATH = YES;
				ONLY_ACTIVE_ARCH = YES;
				SDKROOT = iphoneos;
				SWIFT_ACTIVE_COMPILATION_CONDITIONS = DEBUG;
				SWIFT_OPTIMIZATION_LEVEL = "-Onone";
			};
			name = Debug;
		};
		5EB12CB8228D9A5F0065022F /* Release */ = {
			isa = XCBuildConfiguration;
			buildSettings = {
				ALWAYS_SEARCH_USER_PATHS = NO;
				CLANG_ANALYZER_NONNULL = YES;
				CLANG_ANALYZER_NUMBER_OBJECT_CONVERSION = YES_AGGRESSIVE;
				CLANG_CXX_LANGUAGE_STANDARD = "gnu++14";
				CLANG_CXX_LIBRARY = "libc++";
				CLANG_ENABLE_MODULES = YES;
				CLANG_ENABLE_OBJC_ARC = YES;
				CLANG_ENABLE_OBJC_WEAK = YES;
				CLANG_WARN_BLOCK_CAPTURE_AUTORELEASING = YES;
				CLANG_WARN_BOOL_CONVERSION = YES;
				CLANG_WARN_COMMA = YES;
				CLANG_WARN_CONSTANT_CONVERSION = YES;
				CLANG_WARN_DEPRECATED_OBJC_IMPLEMENTATIONS = YES;
				CLANG_WARN_DIRECT_OBJC_ISA_USAGE = YES_ERROR;
				CLANG_WARN_DOCUMENTATION_COMMENTS = YES;
				CLANG_WARN_EMPTY_BODY = YES;
				CLANG_WARN_ENUM_CONVERSION = YES;
				CLANG_WARN_INFINITE_RECURSION = YES;
				CLANG_WARN_INT_CONVERSION = YES;
				CLANG_WARN_NON_LITERAL_NULL_CONVERSION = YES;
				CLANG_WARN_OBJC_IMPLICIT_RETAIN_SELF = YES;
				CLANG_WARN_OBJC_LITERAL_CONVERSION = YES;
				CLANG_WARN_OBJC_ROOT_CLASS = YES_ERROR;
				CLANG_WARN_RANGE_LOOP_ANALYSIS = YES;
				CLANG_WARN_STRICT_PROTOTYPES = YES;
				CLANG_WARN_SUSPICIOUS_MOVE = YES;
				CLANG_WARN_UNGUARDED_AVAILABILITY = YES_AGGRESSIVE;
				CLANG_WARN_UNREACHABLE_CODE = YES;
				CLANG_WARN__DUPLICATE_METHOD_MATCH = YES;
				CODE_SIGN_IDENTITY = "iPhone Developer";
				COPY_PHASE_STRIP = NO;
				DEBUG_INFORMATION_FORMAT = "dwarf-with-dsym";
				ENABLE_NS_ASSERTIONS = NO;
				ENABLE_STRICT_OBJC_MSGSEND = YES;
				GCC_C_LANGUAGE_STANDARD = gnu11;
				GCC_NO_COMMON_BLOCKS = YES;
				GCC_WARN_64_TO_32_BIT_CONVERSION = YES;
				GCC_WARN_ABOUT_RETURN_TYPE = YES_ERROR;
				GCC_WARN_UNDECLARED_SELECTOR = YES;
				GCC_WARN_UNINITIALIZED_AUTOS = YES_AGGRESSIVE;
				GCC_WARN_UNUSED_FUNCTION = YES;
				GCC_WARN_UNUSED_VARIABLE = YES;
				IPHONEOS_DEPLOYMENT_TARGET = 12.2;
				MTL_ENABLE_DEBUG_INFO = NO;
				MTL_FAST_MATH = YES;
				SDKROOT = iphoneos;
				SWIFT_COMPILATION_MODE = wholemodule;
				SWIFT_OPTIMIZATION_LEVEL = "-O";
				VALIDATE_PRODUCT = YES;
			};
			name = Release;
		};
		5EB12CBA228D9A5F0065022F /* Debug */ = {
			isa = XCBuildConfiguration;
			baseConfigurationReference = 3DC4B8BDC85E8C3B00D3B029 /* Pods-FrustrationEmotion.debug.xcconfig */;
			buildSettings = {
				ASSETCATALOG_COMPILER_APPICON_NAME = AppIcon;
				CODE_SIGN_STYLE = Automatic;
				DEVELOPMENT_TEAM = SMULT229RF;
				INFOPLIST_FILE = FrustrationEmotion/Info.plist;
				LD_RUNPATH_SEARCH_PATHS = (
					"$(inherited)",
					"@executable_path/Frameworks",
				);
				PRODUCT_BUNDLE_IDENTIFIER = com.chaplinear.FrustrationEmotion;
				PRODUCT_NAME = "$(TARGET_NAME)";
				SWIFT_VERSION = 5.0;
				TARGETED_DEVICE_FAMILY = "1,2";
			};
			name = Debug;
		};
		5EB12CBB228D9A5F0065022F /* Release */ = {
			isa = XCBuildConfiguration;
			baseConfigurationReference = 0A974C3FD25B999B0A171836 /* Pods-FrustrationEmotion.release.xcconfig */;
			buildSettings = {
				ASSETCATALOG_COMPILER_APPICON_NAME = AppIcon;
				CODE_SIGN_STYLE = Automatic;
				DEVELOPMENT_TEAM = SMULT229RF;
				INFOPLIST_FILE = FrustrationEmotion/Info.plist;
				LD_RUNPATH_SEARCH_PATHS = (
					"$(inherited)",
					"@executable_path/Frameworks",
				);
				PRODUCT_BUNDLE_IDENTIFIER = com.chaplinear.FrustrationEmotion;
				PRODUCT_NAME = "$(TARGET_NAME)";
				SWIFT_VERSION = 5.0;
				TARGETED_DEVICE_FAMILY = "1,2";
			};
			name = Release;
		};
/* End XCBuildConfiguration section */

/* Begin XCConfigurationList section */
		5EB12CA2228D9A5E0065022F /* Build configuration list for PBXProject "FrustrationEmotion" */ = {
			isa = XCConfigurationList;
			buildConfigurations = (
				5EB12CB7228D9A5F0065022F /* Debug */,
				5EB12CB8228D9A5F0065022F /* Release */,
			);
			defaultConfigurationIsVisible = 0;
			defaultConfigurationName = Release;
		};
		5EB12CB9228D9A5F0065022F /* Build configuration list for PBXNativeTarget "FrustrationEmotion" */ = {
			isa = XCConfigurationList;
			buildConfigurations = (
				5EB12CBA228D9A5F0065022F /* Debug */,
				5EB12CBB228D9A5F0065022F /* Release */,
			);
			defaultConfigurationIsVisible = 0;
			defaultConfigurationName = Release;
		};
/* End XCConfigurationList section */
	};
	rootObject = 5EB12C9F228D9A5E0065022F /* Project object */;
}
